// !$*UTF8*$!
{
	archiveVersion = 1;
	classes = {
	};
	objectVersion = 56;
	objects = {

/* Begin PBXBuildFile section */
		3859A0312BF73921006D87F4 /* RickAndMortyAppApp.swift in Sources */ = {isa = PBXBuildFile; fileRef = 3859A0302BF73921006D87F4 /* RickAndMortyAppApp.swift */; };
		3859A0332BF73921006D87F4 /* ContentView.swift in Sources */ = {isa = PBXBuildFile; fileRef = 3859A0322BF73921006D87F4 /* ContentView.swift */; };
		3859A0352BF73923006D87F4 /* Assets.xcassets in Resources */ = {isa = PBXBuildFile; fileRef = 3859A0342BF73923006D87F4 /* Assets.xcassets */; };
		3859A0392BF73923006D87F4 /* Preview Assets.xcassets in Resources */ = {isa = PBXBuildFile; fileRef = 3859A0382BF73923006D87F4 /* Preview Assets.xcassets */; };
		3859A0432BF73923006D87F4 /* RickAndMortyAppTests.swift in Sources */ = {isa = PBXBuildFile; fileRef = 3859A0422BF73923006D87F4 /* RickAndMortyAppTests.swift */; };
		3859A04D2BF73923006D87F4 /* RickAndMortyAppUITests.swift in Sources */ = {isa = PBXBuildFile; fileRef = 3859A04C2BF73923006D87F4 /* RickAndMortyAppUITests.swift */; };
		3859A04F2BF73923006D87F4 /* RickAndMortyAppUITestsLaunchTests.swift in Sources */ = {isa = PBXBuildFile; fileRef = 3859A04E2BF73923006D87F4 /* RickAndMortyAppUITestsLaunchTests.swift */; };
		3859A0882BF781B3006D87F4 /* Character.swift in Sources */ = {isa = PBXBuildFile; fileRef = 3859A05D2BF781B2006D87F4 /* Character.swift */; };
		3859A0892BF781B3006D87F4 /* Characters.swift in Sources */ = {isa = PBXBuildFile; fileRef = 3859A05E2BF781B2006D87F4 /* Characters.swift */; };
		3859A08A2BF781B3006D87F4 /* CharactersUseCase.swift in Sources */ = {isa = PBXBuildFile; fileRef = 3859A0602BF781B2006D87F4 /* CharactersUseCase.swift */; };
		3859A08B2BF781B3006D87F4 /* CharactersUseCaseLive.swift in Sources */ = {isa = PBXBuildFile; fileRef = 3859A0612BF781B2006D87F4 /* CharactersUseCaseLive.swift */; };
		3859A08C2BF781B3006D87F4 /* CharactersUseCaseMock.swift in Sources */ = {isa = PBXBuildFile; fileRef = 3859A0622BF781B2006D87F4 /* CharactersUseCaseMock.swift */; };
		3859A08D2BF781B3006D87F4 /* Color.swift in Sources */ = {isa = PBXBuildFile; fileRef = 3859A0652BF781B2006D87F4 /* Color.swift */; };
		3859A08E2BF781B3006D87F4 /* Logger.swift in Sources */ = {isa = PBXBuildFile; fileRef = 3859A0672BF781B2006D87F4 /* Logger.swift */; };
		3859A0902BF781B3006D87F4 /* CategoryItemView.swift in Sources */ = {isa = PBXBuildFile; fileRef = 3859A06B2BF781B2006D87F4 /* CategoryItemView.swift */; };
		3859A0912BF781B3006D87F4 /* CharacterRowView.swift in Sources */ = {isa = PBXBuildFile; fileRef = 3859A06C2BF781B2006D87F4 /* CharacterRowView.swift */; };
		3859A0922BF781B3006D87F4 /* SubCategoriesSheetView.swift in Sources */ = {isa = PBXBuildFile; fileRef = 3859A06D2BF781B2006D87F4 /* SubCategoriesSheetView.swift */; };
		3859A0932BF781B3006D87F4 /* CharactersView.swift in Sources */ = {isa = PBXBuildFile; fileRef = 3859A06F2BF781B2006D87F4 /* CharactersView.swift */; };
		3859A0942BF781B3006D87F4 /* CharactersViewModel.swift in Sources */ = {isa = PBXBuildFile; fileRef = 3859A0702BF781B2006D87F4 /* CharactersViewModel.swift */; };
		3859A0952BF781B3006D87F4 /* SearchBarView.swift in Sources */ = {isa = PBXBuildFile; fileRef = 3859A0722BF781B2006D87F4 /* SearchBarView.swift */; };
		3859A0962BF781B3006D87F4 /* SplashScreenView.swift in Sources */ = {isa = PBXBuildFile; fileRef = 3859A0732BF781B2006D87F4 /* SplashScreenView.swift */; };
		3859A0972BF781B3006D87F4 /* WebImageView.swift in Sources */ = {isa = PBXBuildFile; fileRef = 3859A0742BF781B2006D87F4 /* WebImageView.swift */; };
		3859A0982BF781B3006D87F4 /* ApiConstants.swift in Sources */ = {isa = PBXBuildFile; fileRef = 3859A0772BF781B2006D87F4 /* ApiConstants.swift */; };
		3859A0992BF781B3006D87F4 /* HttpStatusCode.swift in Sources */ = {isa = PBXBuildFile; fileRef = 3859A0782BF781B2006D87F4 /* HttpStatusCode.swift */; };
		3859A09A2BF781B3006D87F4 /* Network.swift in Sources */ = {isa = PBXBuildFile; fileRef = 3859A0792BF781B2006D87F4 /* Network.swift */; };
		3859A09B2BF781B3006D87F4 /* CharactersDatasource.swift in Sources */ = {isa = PBXBuildFile; fileRef = 3859A07B2BF781B2006D87F4 /* CharactersDatasource.swift */; };
		3859A09C2BF781B3006D87F4 /* CharacterDto.swift in Sources */ = {isa = PBXBuildFile; fileRef = 3859A07D2BF781B2006D87F4 /* CharacterDto.swift */; };
		3859A09D2BF781B3006D87F4 /* CharactersDto.swift in Sources */ = {isa = PBXBuildFile; fileRef = 3859A07E2BF781B2006D87F4 /* CharactersDto.swift */; };
		3859A09E2BF781B3006D87F4 /* PaginationDto.swift in Sources */ = {isa = PBXBuildFile; fileRef = 3859A07F2BF781B2006D87F4 /* PaginationDto.swift */; };
		3859A09F2BF781B3006D87F4 /* CharactersRespository.swift in Sources */ = {isa = PBXBuildFile; fileRef = 3859A0812BF781B2006D87F4 /* CharactersRespository.swift */; };
		3859A0A02BF781B3006D87F4 /* CharactersRespositoryLive.swift in Sources */ = {isa = PBXBuildFile; fileRef = 3859A0822BF781B2006D87F4 /* CharactersRespositoryLive.swift */; };
		3859A0A12BF781B3006D87F4 /* CharactersRespositoryMock.swift in Sources */ = {isa = PBXBuildFile; fileRef = 3859A0832BF781B2006D87F4 /* CharactersRespositoryMock.swift */; };
		3859A0A42BF782D4006D87F4 /* SDWebImageSwiftUI in Frameworks */ = {isa = PBXBuildFile; productRef = 3859A0A32BF782D4006D87F4 /* SDWebImageSwiftUI */; };
		3859A0A72BF782EA006D87F4 /* Alamofire in Frameworks */ = {isa = PBXBuildFile; productRef = 3859A0A62BF782EA006D87F4 /* Alamofire */; };
		3859A0A92BF782EA006D87F4 /* AlamofireDynamic in Frameworks */ = {isa = PBXBuildFile; productRef = 3859A0A82BF782EA006D87F4 /* AlamofireDynamic */; };
		3859A0B12BF7926B006D87F4 /* MockNetworkRequest.swift in Sources */ = {isa = PBXBuildFile; fileRef = 3859A0B02BF7926B006D87F4 /* MockNetworkRequest.swift */; };
		3859A0B32BF79294006D87F4 /* NetworkTest.swift in Sources */ = {isa = PBXBuildFile; fileRef = 3859A0B22BF79294006D87F4 /* NetworkTest.swift */; };
		386D53122BF8BBAE00552E58 /* AlamofireNetworkRequest.swift in Sources */ = {isa = PBXBuildFile; fileRef = 386D53112BF8BBAE00552E58 /* AlamofireNetworkRequest.swift */; };
		386D53182BF8C6DF00552E58 /* JsonEncoder.swift in Sources */ = {isa = PBXBuildFile; fileRef = 386D53172BF8C6DF00552E58 /* JsonEncoder.swift */; };
/* End PBXBuildFile section */

/* Begin PBXContainerItemProxy section */
		3859A03F2BF73923006D87F4 /* PBXContainerItemProxy */ = {
			isa = PBXContainerItemProxy;
			containerPortal = 3859A0252BF73921006D87F4 /* Project object */;
			proxyType = 1;
			remoteGlobalIDString = 3859A02C2BF73921006D87F4;
			remoteInfo = RickAndMortyApp;
		};
		3859A0492BF73923006D87F4 /* PBXContainerItemProxy */ = {
			isa = PBXContainerItemProxy;
			containerPortal = 3859A0252BF73921006D87F4 /* Project object */;
			proxyType = 1;
			remoteGlobalIDString = 3859A02C2BF73921006D87F4;
			remoteInfo = RickAndMortyApp;
		};
/* End PBXContainerItemProxy section */

/* Begin PBXFileReference section */
		3859A02D2BF73921006D87F4 /* RickAndMortyApp.app */ = {isa = PBXFileReference; explicitFileType = wrapper.application; includeInIndex = 0; path = RickAndMortyApp.app; sourceTree = BUILT_PRODUCTS_DIR; };
		3859A0302BF73921006D87F4 /* RickAndMortyAppApp.swift */ = {isa = PBXFileReference; lastKnownFileType = sourcecode.swift; path = RickAndMortyAppApp.swift; sourceTree = "<group>"; };
		3859A0322BF73921006D87F4 /* ContentView.swift */ = {isa = PBXFileReference; lastKnownFileType = sourcecode.swift; path = ContentView.swift; sourceTree = "<group>"; };
		3859A0342BF73923006D87F4 /* Assets.xcassets */ = {isa = PBXFileReference; lastKnownFileType = folder.assetcatalog; path = Assets.xcassets; sourceTree = "<group>"; };
		3859A0362BF73923006D87F4 /* RickAndMortyApp.entitlements */ = {isa = PBXFileReference; lastKnownFileType = text.plist.entitlements; path = RickAndMortyApp.entitlements; sourceTree = "<group>"; };
		3859A0382BF73923006D87F4 /* Preview Assets.xcassets */ = {isa = PBXFileReference; lastKnownFileType = folder.assetcatalog; path = "Preview Assets.xcassets"; sourceTree = "<group>"; };
		3859A03E2BF73923006D87F4 /* RickAndMortyAppTests.xctest */ = {isa = PBXFileReference; explicitFileType = wrapper.cfbundle; includeInIndex = 0; path = RickAndMortyAppTests.xctest; sourceTree = BUILT_PRODUCTS_DIR; };
		3859A0422BF73923006D87F4 /* RickAndMortyAppTests.swift */ = {isa = PBXFileReference; lastKnownFileType = sourcecode.swift; path = RickAndMortyAppTests.swift; sourceTree = "<group>"; };
		3859A0482BF73923006D87F4 /* RickAndMortyAppUITests.xctest */ = {isa = PBXFileReference; explicitFileType = wrapper.cfbundle; includeInIndex = 0; path = RickAndMortyAppUITests.xctest; sourceTree = BUILT_PRODUCTS_DIR; };
		3859A04C2BF73923006D87F4 /* RickAndMortyAppUITests.swift */ = {isa = PBXFileReference; lastKnownFileType = sourcecode.swift; path = RickAndMortyAppUITests.swift; sourceTree = "<group>"; };
		3859A04E2BF73923006D87F4 /* RickAndMortyAppUITestsLaunchTests.swift */ = {isa = PBXFileReference; lastKnownFileType = sourcecode.swift; path = RickAndMortyAppUITestsLaunchTests.swift; sourceTree = "<group>"; };
		3859A05D2BF781B2006D87F4 /* Character.swift */ = {isa = PBXFileReference; fileEncoding = 4; lastKnownFileType = sourcecode.swift; path = Character.swift; sourceTree = "<group>"; };
		3859A05E2BF781B2006D87F4 /* Characters.swift */ = {isa = PBXFileReference; fileEncoding = 4; lastKnownFileType = sourcecode.swift; path = Characters.swift; sourceTree = "<group>"; };
		3859A0602BF781B2006D87F4 /* CharactersUseCase.swift */ = {isa = PBXFileReference; fileEncoding = 4; lastKnownFileType = sourcecode.swift; path = CharactersUseCase.swift; sourceTree = "<group>"; };
		3859A0612BF781B2006D87F4 /* CharactersUseCaseLive.swift */ = {isa = PBXFileReference; fileEncoding = 4; lastKnownFileType = sourcecode.swift; path = CharactersUseCaseLive.swift; sourceTree = "<group>"; };
		3859A0622BF781B2006D87F4 /* CharactersUseCaseMock.swift */ = {isa = PBXFileReference; fileEncoding = 4; lastKnownFileType = sourcecode.swift; path = CharactersUseCaseMock.swift; sourceTree = "<group>"; };
		3859A0652BF781B2006D87F4 /* Color.swift */ = {isa = PBXFileReference; fileEncoding = 4; lastKnownFileType = sourcecode.swift; path = Color.swift; sourceTree = "<group>"; };
		3859A0672BF781B2006D87F4 /* Logger.swift */ = {isa = PBXFileReference; fileEncoding = 4; lastKnownFileType = sourcecode.swift; path = Logger.swift; sourceTree = "<group>"; };
		3859A06B2BF781B2006D87F4 /* CategoryItemView.swift */ = {isa = PBXFileReference; fileEncoding = 4; lastKnownFileType = sourcecode.swift; path = CategoryItemView.swift; sourceTree = "<group>"; };
		3859A06C2BF781B2006D87F4 /* CharacterRowView.swift */ = {isa = PBXFileReference; fileEncoding = 4; lastKnownFileType = sourcecode.swift; path = CharacterRowView.swift; sourceTree = "<group>"; };
		3859A06D2BF781B2006D87F4 /* SubCategoriesSheetView.swift */ = {isa = PBXFileReference; fileEncoding = 4; lastKnownFileType = sourcecode.swift; path = SubCategoriesSheetView.swift; sourceTree = "<group>"; };
		3859A06F2BF781B2006D87F4 /* CharactersView.swift */ = {isa = PBXFileReference; fileEncoding = 4; lastKnownFileType = sourcecode.swift; path = CharactersView.swift; sourceTree = "<group>"; };
		3859A0702BF781B2006D87F4 /* CharactersViewModel.swift */ = {isa = PBXFileReference; fileEncoding = 4; lastKnownFileType = sourcecode.swift; path = CharactersViewModel.swift; sourceTree = "<group>"; };
		3859A0722BF781B2006D87F4 /* SearchBarView.swift */ = {isa = PBXFileReference; fileEncoding = 4; lastKnownFileType = sourcecode.swift; path = SearchBarView.swift; sourceTree = "<group>"; };
		3859A0732BF781B2006D87F4 /* SplashScreenView.swift */ = {isa = PBXFileReference; fileEncoding = 4; lastKnownFileType = sourcecode.swift; path = SplashScreenView.swift; sourceTree = "<group>"; };
		3859A0742BF781B2006D87F4 /* WebImageView.swift */ = {isa = PBXFileReference; fileEncoding = 4; lastKnownFileType = sourcecode.swift; path = WebImageView.swift; sourceTree = "<group>"; };
		3859A0772BF781B2006D87F4 /* ApiConstants.swift */ = {isa = PBXFileReference; fileEncoding = 4; lastKnownFileType = sourcecode.swift; path = ApiConstants.swift; sourceTree = "<group>"; };
		3859A0782BF781B2006D87F4 /* HttpStatusCode.swift */ = {isa = PBXFileReference; fileEncoding = 4; lastKnownFileType = sourcecode.swift; path = HttpStatusCode.swift; sourceTree = "<group>"; };
		3859A0792BF781B2006D87F4 /* Network.swift */ = {isa = PBXFileReference; fileEncoding = 4; lastKnownFileType = sourcecode.swift; path = Network.swift; sourceTree = "<group>"; };
		3859A07B2BF781B2006D87F4 /* CharactersDatasource.swift */ = {isa = PBXFileReference; fileEncoding = 4; lastKnownFileType = sourcecode.swift; path = CharactersDatasource.swift; sourceTree = "<group>"; };
		3859A07D2BF781B2006D87F4 /* CharacterDto.swift */ = {isa = PBXFileReference; fileEncoding = 4; lastKnownFileType = sourcecode.swift; path = CharacterDto.swift; sourceTree = "<group>"; };
		3859A07E2BF781B2006D87F4 /* CharactersDto.swift */ = {isa = PBXFileReference; fileEncoding = 4; lastKnownFileType = sourcecode.swift; path = CharactersDto.swift; sourceTree = "<group>"; };
		3859A07F2BF781B2006D87F4 /* PaginationDto.swift */ = {isa = PBXFileReference; fileEncoding = 4; lastKnownFileType = sourcecode.swift; path = PaginationDto.swift; sourceTree = "<group>"; };
		3859A0812BF781B2006D87F4 /* CharactersRespository.swift */ = {isa = PBXFileReference; fileEncoding = 4; lastKnownFileType = sourcecode.swift; path = CharactersRespository.swift; sourceTree = "<group>"; };
		3859A0822BF781B2006D87F4 /* CharactersRespositoryLive.swift */ = {isa = PBXFileReference; fileEncoding = 4; lastKnownFileType = sourcecode.swift; path = CharactersRespositoryLive.swift; sourceTree = "<group>"; };
		3859A0832BF781B2006D87F4 /* CharactersRespositoryMock.swift */ = {isa = PBXFileReference; fileEncoding = 4; lastKnownFileType = sourcecode.swift; path = CharactersRespositoryMock.swift; sourceTree = "<group>"; };
		3859A0B02BF7926B006D87F4 /* MockNetworkRequest.swift */ = {isa = PBXFileReference; lastKnownFileType = sourcecode.swift; path = MockNetworkRequest.swift; sourceTree = "<group>"; };
		3859A0B22BF79294006D87F4 /* NetworkTest.swift */ = {isa = PBXFileReference; lastKnownFileType = sourcecode.swift; path = NetworkTest.swift; sourceTree = "<group>"; };
		386D53112BF8BBAE00552E58 /* AlamofireNetworkRequest.swift */ = {isa = PBXFileReference; lastKnownFileType = sourcecode.swift; path = AlamofireNetworkRequest.swift; sourceTree = "<group>"; };
		386D53172BF8C6DF00552E58 /* JsonEncoder.swift */ = {isa = PBXFileReference; lastKnownFileType = sourcecode.swift; path = JsonEncoder.swift; sourceTree = "<group>"; };
/* End PBXFileReference section */

/* Begin PBXFrameworksBuildPhase section */
		3859A02A2BF73921006D87F4 /* Frameworks */ = {
			isa = PBXFrameworksBuildPhase;
			buildActionMask = 2147483647;
			files = (
				3859A0A42BF782D4006D87F4 /* SDWebImageSwiftUI in Frameworks */,
				3859A0A92BF782EA006D87F4 /* AlamofireDynamic in Frameworks */,
				3859A0A72BF782EA006D87F4 /* Alamofire in Frameworks */,
			);
			runOnlyForDeploymentPostprocessing = 0;
		};
		3859A03B2BF73923006D87F4 /* Frameworks */ = {
			isa = PBXFrameworksBuildPhase;
			buildActionMask = 2147483647;
			files = (
			);
			runOnlyForDeploymentPostprocessing = 0;
		};
		3859A0452BF73923006D87F4 /* Frameworks */ = {
			isa = PBXFrameworksBuildPhase;
			buildActionMask = 2147483647;
			files = (
			);
			runOnlyForDeploymentPostprocessing = 0;
		};
/* End PBXFrameworksBuildPhase section */

/* Begin PBXGroup section */
		3859A0242BF73921006D87F4 = {
			isa = PBXGroup;
			children = (
				3859A02F2BF73921006D87F4 /* RickAndMortyApp */,
				3859A0412BF73923006D87F4 /* RickAndMortyAppTests */,
				3859A04B2BF73923006D87F4 /* RickAndMortyAppUITests */,
				3859A02E2BF73921006D87F4 /* Products */,
			);
			sourceTree = "<group>";
		};
		3859A02E2BF73921006D87F4 /* Products */ = {
			isa = PBXGroup;
			children = (
				3859A02D2BF73921006D87F4 /* RickAndMortyApp.app */,
				3859A03E2BF73923006D87F4 /* RickAndMortyAppTests.xctest */,
				3859A0482BF73923006D87F4 /* RickAndMortyAppUITests.xctest */,
			);
			name = Products;
			sourceTree = "<group>";
		};
		3859A02F2BF73921006D87F4 /* RickAndMortyApp */ = {
			isa = PBXGroup;
			children = (
				3859A0862BF781B2006D87F4 /* Data */,
				3859A06A2BF781B2006D87F4 /* Domain */,
				3859A0762BF781B2006D87F4 /* Presentation */,
				3859A0302BF73921006D87F4 /* RickAndMortyAppApp.swift */,
				3859A0322BF73921006D87F4 /* ContentView.swift */,
				3859A0342BF73923006D87F4 /* Assets.xcassets */,
				3859A0362BF73923006D87F4 /* RickAndMortyApp.entitlements */,
				3859A0372BF73923006D87F4 /* Preview Content */,
			);
			path = RickAndMortyApp;
			sourceTree = "<group>";
		};
		3859A0372BF73923006D87F4 /* Preview Content */ = {
			isa = PBXGroup;
			children = (
				3859A0382BF73923006D87F4 /* Preview Assets.xcassets */,
			);
			path = "Preview Content";
			sourceTree = "<group>";
		};
		3859A0412BF73923006D87F4 /* RickAndMortyAppTests */ = {
			isa = PBXGroup;
			children = (
				3859A0AA2BF7895B006D87F4 /* Data */,
				3859A0422BF73923006D87F4 /* RickAndMortyAppTests.swift */,
			);
			path = RickAndMortyAppTests;
			sourceTree = "<group>";
		};
		3859A04B2BF73923006D87F4 /* RickAndMortyAppUITests */ = {
			isa = PBXGroup;
			children = (
				3859A04C2BF73923006D87F4 /* RickAndMortyAppUITests.swift */,
				3859A04E2BF73923006D87F4 /* RickAndMortyAppUITestsLaunchTests.swift */,
			);
			path = RickAndMortyAppUITests;
			sourceTree = "<group>";
		};
		3859A05F2BF781B2006D87F4 /* Models */ = {
			isa = PBXGroup;
			children = (
				3859A05D2BF781B2006D87F4 /* Character.swift */,
				3859A05E2BF781B2006D87F4 /* Characters.swift */,
			);
			path = Models;
			sourceTree = "<group>";
		};
		3859A0632BF781B2006D87F4 /* Characters */ = {
			isa = PBXGroup;
			children = (
				3859A0602BF781B2006D87F4 /* CharactersUseCase.swift */,
				3859A0612BF781B2006D87F4 /* CharactersUseCaseLive.swift */,
				3859A0622BF781B2006D87F4 /* CharactersUseCaseMock.swift */,
			);
			path = Characters;
			sourceTree = "<group>";
		};
		3859A0642BF781B2006D87F4 /* UseCases */ = {
			isa = PBXGroup;
			children = (
				3859A0632BF781B2006D87F4 /* Characters */,
			);
			path = UseCases;
			sourceTree = "<group>";
		};
		3859A0662BF781B2006D87F4 /* Extensions */ = {
			isa = PBXGroup;
			children = (
				3859A0652BF781B2006D87F4 /* Color.swift */,
				386D53172BF8C6DF00552E58 /* JsonEncoder.swift */,
			);
			path = Extensions;
			sourceTree = "<group>";
		};
		3859A0692BF781B2006D87F4 /* Utils */ = {
			isa = PBXGroup;
			children = (
				3859A0662BF781B2006D87F4 /* Extensions */,
				3859A0672BF781B2006D87F4 /* Logger.swift */,
			);
			path = Utils;
			sourceTree = "<group>";
		};
		3859A06A2BF781B2006D87F4 /* Domain */ = {
			isa = PBXGroup;
			children = (
				3859A05F2BF781B2006D87F4 /* Models */,
				3859A0642BF781B2006D87F4 /* UseCases */,
				3859A0692BF781B2006D87F4 /* Utils */,
			);
			path = Domain;
			sourceTree = "<group>";
		};
		3859A06E2BF781B2006D87F4 /* Views */ = {
			isa = PBXGroup;
			children = (
				3859A06B2BF781B2006D87F4 /* CategoryItemView.swift */,
				3859A06C2BF781B2006D87F4 /* CharacterRowView.swift */,
				3859A06D2BF781B2006D87F4 /* SubCategoriesSheetView.swift */,
			);
			path = Views;
			sourceTree = "<group>";
		};
		3859A0712BF781B2006D87F4 /* Characters */ = {
			isa = PBXGroup;
			children = (
				3859A06E2BF781B2006D87F4 /* Views */,
				3859A06F2BF781B2006D87F4 /* CharactersView.swift */,
				3859A0702BF781B2006D87F4 /* CharactersViewModel.swift */,
			);
			path = Characters;
			sourceTree = "<group>";
		};
		3859A0752BF781B2006D87F4 /* Common */ = {
			isa = PBXGroup;
			children = (
				3859A0722BF781B2006D87F4 /* SearchBarView.swift */,
				3859A0732BF781B2006D87F4 /* SplashScreenView.swift */,
				3859A0742BF781B2006D87F4 /* WebImageView.swift */,
			);
			path = Common;
			sourceTree = "<group>";
		};
		3859A0762BF781B2006D87F4 /* Presentation */ = {
			isa = PBXGroup;
			children = (
				3859A0752BF781B2006D87F4 /* Common */,
				3859A0712BF781B2006D87F4 /* Characters */,
			);
			path = Presentation;
			sourceTree = "<group>";
		};
		3859A07A2BF781B2006D87F4 /* API */ = {
			isa = PBXGroup;
			children = (
				3859A0772BF781B2006D87F4 /* ApiConstants.swift */,
				3859A0782BF781B2006D87F4 /* HttpStatusCode.swift */,
				3859A0792BF781B2006D87F4 /* Network.swift */,
				386D53112BF8BBAE00552E58 /* AlamofireNetworkRequest.swift */,
			);
			path = API;
			sourceTree = "<group>";
		};
		3859A07C2BF781B2006D87F4 /* Datasource */ = {
			isa = PBXGroup;
			children = (
				3859A07B2BF781B2006D87F4 /* CharactersDatasource.swift */,
			);
			path = Datasource;
			sourceTree = "<group>";
		};
		3859A0802BF781B2006D87F4 /* Dto */ = {
			isa = PBXGroup;
			children = (
				3859A07D2BF781B2006D87F4 /* CharacterDto.swift */,
				3859A07E2BF781B2006D87F4 /* CharactersDto.swift */,
				3859A07F2BF781B2006D87F4 /* PaginationDto.swift */,
			);
			path = Dto;
			sourceTree = "<group>";
		};
		3859A0842BF781B2006D87F4 /* Characters */ = {
			isa = PBXGroup;
			children = (
				3859A0812BF781B2006D87F4 /* CharactersRespository.swift */,
				3859A0822BF781B2006D87F4 /* CharactersRespositoryLive.swift */,
				3859A0832BF781B2006D87F4 /* CharactersRespositoryMock.swift */,
			);
			path = Characters;
			sourceTree = "<group>";
		};
		3859A0852BF781B2006D87F4 /* Repository */ = {
			isa = PBXGroup;
			children = (
				3859A0842BF781B2006D87F4 /* Characters */,
			);
			path = Repository;
			sourceTree = "<group>";
		};
		3859A0862BF781B2006D87F4 /* Data */ = {
			isa = PBXGroup;
			children = (
				3859A07A2BF781B2006D87F4 /* API */,
				3859A07C2BF781B2006D87F4 /* Datasource */,
				3859A0802BF781B2006D87F4 /* Dto */,
				3859A0852BF781B2006D87F4 /* Repository */,
			);
			path = Data;
			sourceTree = "<group>";
		};
		3859A0AA2BF7895B006D87F4 /* Data */ = {
			isa = PBXGroup;
			children = (
				3859A0B02BF7926B006D87F4 /* MockNetworkRequest.swift */,
				3859A0B22BF79294006D87F4 /* NetworkTest.swift */,
			);
			path = Data;
			sourceTree = "<group>";
		};
/* End PBXGroup section */

/* Begin PBXNativeTarget section */
		3859A02C2BF73921006D87F4 /* RickAndMortyApp */ = {
			isa = PBXNativeTarget;
			buildConfigurationList = 3859A0522BF73923006D87F4 /* Build configuration list for PBXNativeTarget "RickAndMortyApp" */;
			buildPhases = (
				3859A0292BF73921006D87F4 /* Sources */,
				3859A02A2BF73921006D87F4 /* Frameworks */,
				3859A02B2BF73921006D87F4 /* Resources */,
			);
			buildRules = (
			);
			dependencies = (
			);
			name = RickAndMortyApp;
			packageProductDependencies = (
				3859A0A32BF782D4006D87F4 /* SDWebImageSwiftUI */,
				3859A0A62BF782EA006D87F4 /* Alamofire */,
				3859A0A82BF782EA006D87F4 /* AlamofireDynamic */,
			);
			productName = RickAndMortyApp;
			productReference = 3859A02D2BF73921006D87F4 /* RickAndMortyApp.app */;
			productType = "com.apple.product-type.application";
		};
		3859A03D2BF73923006D87F4 /* RickAndMortyAppTests */ = {
			isa = PBXNativeTarget;
			buildConfigurationList = 3859A0552BF73923006D87F4 /* Build configuration list for PBXNativeTarget "RickAndMortyAppTests" */;
			buildPhases = (
				3859A03A2BF73923006D87F4 /* Sources */,
				3859A03B2BF73923006D87F4 /* Frameworks */,
				3859A03C2BF73923006D87F4 /* Resources */,
			);
			buildRules = (
			);
			dependencies = (
				3859A0402BF73923006D87F4 /* PBXTargetDependency */,
			);
			name = RickAndMortyAppTests;
			productName = RickAndMortyAppTests;
			productReference = 3859A03E2BF73923006D87F4 /* RickAndMortyAppTests.xctest */;
			productType = "com.apple.product-type.bundle.unit-test";
		};
		3859A0472BF73923006D87F4 /* RickAndMortyAppUITests */ = {
			isa = PBXNativeTarget;
			buildConfigurationList = 3859A0582BF73923006D87F4 /* Build configuration list for PBXNativeTarget "RickAndMortyAppUITests" */;
			buildPhases = (
				3859A0442BF73923006D87F4 /* Sources */,
				3859A0452BF73923006D87F4 /* Frameworks */,
				3859A0462BF73923006D87F4 /* Resources */,
			);
			buildRules = (
			);
			dependencies = (
				3859A04A2BF73923006D87F4 /* PBXTargetDependency */,
			);
			name = RickAndMortyAppUITests;
			productName = RickAndMortyAppUITests;
			productReference = 3859A0482BF73923006D87F4 /* RickAndMortyAppUITests.xctest */;
			productType = "com.apple.product-type.bundle.ui-testing";
		};
/* End PBXNativeTarget section */

/* Begin PBXProject section */
		3859A0252BF73921006D87F4 /* Project object */ = {
			isa = PBXProject;
			attributes = {
				BuildIndependentTargetsInParallel = 1;
				LastSwiftUpdateCheck = 1530;
				LastUpgradeCheck = 1530;
				TargetAttributes = {
					3859A02C2BF73921006D87F4 = {
						CreatedOnToolsVersion = 15.3;
					};
					3859A03D2BF73923006D87F4 = {
						CreatedOnToolsVersion = 15.3;
						TestTargetID = 3859A02C2BF73921006D87F4;
					};
					3859A0472BF73923006D87F4 = {
						CreatedOnToolsVersion = 15.3;
						TestTargetID = 3859A02C2BF73921006D87F4;
					};
				};
			};
			buildConfigurationList = 3859A0282BF73921006D87F4 /* Build configuration list for PBXProject "RickAndMortyApp" */;
			compatibilityVersion = "Xcode 14.0";
			developmentRegion = en;
			hasScannedForEncodings = 0;
			knownRegions = (
				en,
				Base,
			);
			mainGroup = 3859A0242BF73921006D87F4;
			packageReferences = (
				3859A0A22BF782D4006D87F4 /* XCRemoteSwiftPackageReference "SDWebImageSwiftUI" */,
				3859A0A52BF782EA006D87F4 /* XCRemoteSwiftPackageReference "Alamofire" */,
			);
			productRefGroup = 3859A02E2BF73921006D87F4 /* Products */;
			projectDirPath = "";
			projectRoot = "";
			targets = (
				3859A02C2BF73921006D87F4 /* RickAndMortyApp */,
				3859A03D2BF73923006D87F4 /* RickAndMortyAppTests */,
				3859A0472BF73923006D87F4 /* RickAndMortyAppUITests */,
			);
		};
/* End PBXProject section */

/* Begin PBXResourcesBuildPhase section */
		3859A02B2BF73921006D87F4 /* Resources */ = {
			isa = PBXResourcesBuildPhase;
			buildActionMask = 2147483647;
			files = (
				3859A0392BF73923006D87F4 /* Preview Assets.xcassets in Resources */,
				3859A0352BF73923006D87F4 /* Assets.xcassets in Resources */,
			);
			runOnlyForDeploymentPostprocessing = 0;
		};
		3859A03C2BF73923006D87F4 /* Resources */ = {
			isa = PBXResourcesBuildPhase;
			buildActionMask = 2147483647;
			files = (
			);
			runOnlyForDeploymentPostprocessing = 0;
		};
		3859A0462BF73923006D87F4 /* Resources */ = {
			isa = PBXResourcesBuildPhase;
			buildActionMask = 2147483647;
			files = (
			);
			runOnlyForDeploymentPostprocessing = 0;
		};
/* End PBXResourcesBuildPhase section */

/* Begin PBXSourcesBuildPhase section */
		3859A0292BF73921006D87F4 /* Sources */ = {
			isa = PBXSourcesBuildPhase;
			buildActionMask = 2147483647;
			files = (
				3859A0942BF781B3006D87F4 /* CharactersViewModel.swift in Sources */,
				3859A0A02BF781B3006D87F4 /* CharactersRespositoryLive.swift in Sources */,
				3859A0332BF73921006D87F4 /* ContentView.swift in Sources */,
				3859A08C2BF781B3006D87F4 /* CharactersUseCaseMock.swift in Sources */,
				3859A08D2BF781B3006D87F4 /* Color.swift in Sources */,
				3859A08B2BF781B3006D87F4 /* CharactersUseCaseLive.swift in Sources */,
				3859A09E2BF781B3006D87F4 /* PaginationDto.swift in Sources */,
				386D53122BF8BBAE00552E58 /* AlamofireNetworkRequest.swift in Sources */,
				3859A0912BF781B3006D87F4 /* CharacterRowView.swift in Sources */,
				3859A08A2BF781B3006D87F4 /* CharactersUseCase.swift in Sources */,
				3859A0922BF781B3006D87F4 /* SubCategoriesSheetView.swift in Sources */,
				3859A08E2BF781B3006D87F4 /* Logger.swift in Sources */,
				3859A0312BF73921006D87F4 /* RickAndMortyAppApp.swift in Sources */,
				386D53182BF8C6DF00552E58 /* JsonEncoder.swift in Sources */,
				3859A09D2BF781B3006D87F4 /* CharactersDto.swift in Sources */,
				3859A0A12BF781B3006D87F4 /* CharactersRespositoryMock.swift in Sources */,
				3859A0962BF781B3006D87F4 /* SplashScreenView.swift in Sources */,
				3859A0982BF781B3006D87F4 /* ApiConstants.swift in Sources */,
				3859A0992BF781B3006D87F4 /* HttpStatusCode.swift in Sources */,
				3859A0932BF781B3006D87F4 /* CharactersView.swift in Sources */,
				3859A09B2BF781B3006D87F4 /* CharactersDatasource.swift in Sources */,
				3859A09C2BF781B3006D87F4 /* CharacterDto.swift in Sources */,
				3859A09A2BF781B3006D87F4 /* Network.swift in Sources */,
				3859A0972BF781B3006D87F4 /* WebImageView.swift in Sources */,
				3859A09F2BF781B3006D87F4 /* CharactersRespository.swift in Sources */,
				3859A0902BF781B3006D87F4 /* CategoryItemView.swift in Sources */,
				3859A0882BF781B3006D87F4 /* Character.swift in Sources */,
				3859A0952BF781B3006D87F4 /* SearchBarView.swift in Sources */,
				3859A0892BF781B3006D87F4 /* Characters.swift in Sources */,
			);
			runOnlyForDeploymentPostprocessing = 0;
		};
		3859A03A2BF73923006D87F4 /* Sources */ = {
			isa = PBXSourcesBuildPhase;
			buildActionMask = 2147483647;
			files = (
				3859A0B12BF7926B006D87F4 /* MockNetworkRequest.swift in Sources */,
				3859A0B32BF79294006D87F4 /* NetworkTest.swift in Sources */,
				3859A0432BF73923006D87F4 /* RickAndMortyAppTests.swift in Sources */,
			);
			runOnlyForDeploymentPostprocessing = 0;
		};
		3859A0442BF73923006D87F4 /* Sources */ = {
			isa = PBXSourcesBuildPhase;
			buildActionMask = 2147483647;
			files = (
				3859A04D2BF73923006D87F4 /* RickAndMortyAppUITests.swift in Sources */,
				3859A04F2BF73923006D87F4 /* RickAndMortyAppUITestsLaunchTests.swift in Sources */,
			);
			runOnlyForDeploymentPostprocessing = 0;
		};
/* End PBXSourcesBuildPhase section */

/* Begin PBXTargetDependency section */
		3859A0402BF73923006D87F4 /* PBXTargetDependency */ = {
			isa = PBXTargetDependency;
			target = 3859A02C2BF73921006D87F4 /* RickAndMortyApp */;
			targetProxy = 3859A03F2BF73923006D87F4 /* PBXContainerItemProxy */;
		};
		3859A04A2BF73923006D87F4 /* PBXTargetDependency */ = {
			isa = PBXTargetDependency;
			target = 3859A02C2BF73921006D87F4 /* RickAndMortyApp */;
			targetProxy = 3859A0492BF73923006D87F4 /* PBXContainerItemProxy */;
		};
/* End PBXTargetDependency section */

/* Begin XCBuildConfiguration section */
		3859A0502BF73923006D87F4 /* Debug */ = {
			isa = XCBuildConfiguration;
			buildSettings = {
				ALWAYS_SEARCH_USER_PATHS = NO;
				ASSETCATALOG_COMPILER_GENERATE_SWIFT_ASSET_SYMBOL_EXTENSIONS = YES;
				CLANG_ANALYZER_NONNULL = YES;
				CLANG_ANALYZER_NUMBER_OBJECT_CONVERSION = YES_AGGRESSIVE;
				CLANG_CXX_LANGUAGE_STANDARD = "gnu++20";
				CLANG_ENABLE_MODULES = YES;
				CLANG_ENABLE_OBJC_ARC = YES;
				CLANG_ENABLE_OBJC_WEAK = YES;
				CLANG_WARN_BLOCK_CAPTURE_AUTORELEASING = YES;
				CLANG_WARN_BOOL_CONVERSION = YES;
				CLANG_WARN_COMMA = YES;
				CLANG_WARN_CONSTANT_CONVERSION = YES;
				CLANG_WARN_DEPRECATED_OBJC_IMPLEMENTATIONS = YES;
				CLANG_WARN_DIRECT_OBJC_ISA_USAGE = YES_ERROR;
				CLANG_WARN_DOCUMENTATION_COMMENTS = YES;
				CLANG_WARN_EMPTY_BODY = YES;
				CLANG_WARN_ENUM_CONVERSION = YES;
				CLANG_WARN_INFINITE_RECURSION = YES;
				CLANG_WARN_INT_CONVERSION = YES;
				CLANG_WARN_NON_LITERAL_NULL_CONVERSION = YES;
				CLANG_WARN_OBJC_IMPLICIT_RETAIN_SELF = YES;
				CLANG_WARN_OBJC_LITERAL_CONVERSION = YES;
				CLANG_WARN_OBJC_ROOT_CLASS = YES_ERROR;
				CLANG_WARN_QUOTED_INCLUDE_IN_FRAMEWORK_HEADER = YES;
				CLANG_WARN_RANGE_LOOP_ANALYSIS = YES;
				CLANG_WARN_STRICT_PROTOTYPES = YES;
				CLANG_WARN_SUSPICIOUS_MOVE = YES;
				CLANG_WARN_UNGUARDED_AVAILABILITY = YES_AGGRESSIVE;
				CLANG_WARN_UNREACHABLE_CODE = YES;
				CLANG_WARN__DUPLICATE_METHOD_MATCH = YES;
				COPY_PHASE_STRIP = NO;
				DEBUG_INFORMATION_FORMAT = dwarf;
				ENABLE_STRICT_OBJC_MSGSEND = YES;
				ENABLE_TESTABILITY = YES;
				ENABLE_USER_SCRIPT_SANDBOXING = YES;
				GCC_C_LANGUAGE_STANDARD = gnu17;
				GCC_DYNAMIC_NO_PIC = NO;
				GCC_NO_COMMON_BLOCKS = YES;
				GCC_OPTIMIZATION_LEVEL = 0;
				GCC_PREPROCESSOR_DEFINITIONS = (
					"DEBUG=1",
					"$(inherited)",
				);
				GCC_WARN_64_TO_32_BIT_CONVERSION = YES;
				GCC_WARN_ABOUT_RETURN_TYPE = YES_ERROR;
				GCC_WARN_UNDECLARED_SELECTOR = YES;
				GCC_WARN_UNINITIALIZED_AUTOS = YES_AGGRESSIVE;
				GCC_WARN_UNUSED_FUNCTION = YES;
				GCC_WARN_UNUSED_VARIABLE = YES;
				LOCALIZATION_PREFERS_STRING_CATALOGS = YES;
				MTL_ENABLE_DEBUG_INFO = INCLUDE_SOURCE;
				MTL_FAST_MATH = YES;
				ONLY_ACTIVE_ARCH = YES;
				SWIFT_ACTIVE_COMPILATION_CONDITIONS = "DEBUG $(inherited)";
				SWIFT_OPTIMIZATION_LEVEL = "-Onone";
			};
			name = Debug;
		};
		3859A0512BF73923006D87F4 /* Release */ = {
			isa = XCBuildConfiguration;
			buildSettings = {
				ALWAYS_SEARCH_USER_PATHS = NO;
				ASSETCATALOG_COMPILER_GENERATE_SWIFT_ASSET_SYMBOL_EXTENSIONS = YES;
				CLANG_ANALYZER_NONNULL = YES;
				CLANG_ANALYZER_NUMBER_OBJECT_CONVERSION = YES_AGGRESSIVE;
				CLANG_CXX_LANGUAGE_STANDARD = "gnu++20";
				CLANG_ENABLE_MODULES = YES;
				CLANG_ENABLE_OBJC_ARC = YES;
				CLANG_ENABLE_OBJC_WEAK = YES;
				CLANG_WARN_BLOCK_CAPTURE_AUTORELEASING = YES;
				CLANG_WARN_BOOL_CONVERSION = YES;
				CLANG_WARN_COMMA = YES;
				CLANG_WARN_CONSTANT_CONVERSION = YES;
				CLANG_WARN_DEPRECATED_OBJC_IMPLEMENTATIONS = YES;
				CLANG_WARN_DIRECT_OBJC_ISA_USAGE = YES_ERROR;
				CLANG_WARN_DOCUMENTATION_COMMENTS = YES;
				CLANG_WARN_EMPTY_BODY = YES;
				CLANG_WARN_ENUM_CONVERSION = YES;
				CLANG_WARN_INFINITE_RECURSION = YES;
				CLANG_WARN_INT_CONVERSION = YES;
				CLANG_WARN_NON_LITERAL_NULL_CONVERSION = YES;
				CLANG_WARN_OBJC_IMPLICIT_RETAIN_SELF = YES;
				CLANG_WARN_OBJC_LITERAL_CONVERSION = YES;
				CLANG_WARN_OBJC_ROOT_CLASS = YES_ERROR;
				CLANG_WARN_QUOTED_INCLUDE_IN_FRAMEWORK_HEADER = YES;
				CLANG_WARN_RANGE_LOOP_ANALYSIS = YES;
				CLANG_WARN_STRICT_PROTOTYPES = YES;
				CLANG_WARN_SUSPICIOUS_MOVE = YES;
				CLANG_WARN_UNGUARDED_AVAILABILITY = YES_AGGRESSIVE;
				CLANG_WARN_UNREACHABLE_CODE = YES;
				CLANG_WARN__DUPLICATE_METHOD_MATCH = YES;
				COPY_PHASE_STRIP = NO;
				DEBUG_INFORMATION_FORMAT = "dwarf-with-dsym";
				ENABLE_NS_ASSERTIONS = NO;
				ENABLE_STRICT_OBJC_MSGSEND = YES;
				ENABLE_USER_SCRIPT_SANDBOXING = YES;
				GCC_C_LANGUAGE_STANDARD = gnu17;
				GCC_NO_COMMON_BLOCKS = YES;
				GCC_WARN_64_TO_32_BIT_CONVERSION = YES;
				GCC_WARN_ABOUT_RETURN_TYPE = YES_ERROR;
				GCC_WARN_UNDECLARED_SELECTOR = YES;
				GCC_WARN_UNINITIALIZED_AUTOS = YES_AGGRESSIVE;
				GCC_WARN_UNUSED_FUNCTION = YES;
				GCC_WARN_UNUSED_VARIABLE = YES;
				LOCALIZATION_PREFERS_STRING_CATALOGS = YES;
				MTL_ENABLE_DEBUG_INFO = NO;
				MTL_FAST_MATH = YES;
				SWIFT_COMPILATION_MODE = wholemodule;
			};
			name = Release;
		};
		3859A0532BF73923006D87F4 /* Debug */ = {
			isa = XCBuildConfiguration;
			buildSettings = {
				ASSETCATALOG_COMPILER_APPICON_NAME = AppIcon;
				ASSETCATALOG_COMPILER_GLOBAL_ACCENT_COLOR_NAME = AccentColor;
				CODE_SIGN_ENTITLEMENTS = RickAndMortyApp/RickAndMortyApp.entitlements;
				"CODE_SIGN_IDENTITY[sdk=macosx*]" = "-";
				CODE_SIGN_STYLE = Automatic;
				CURRENT_PROJECT_VERSION = 1;
				DEVELOPMENT_ASSET_PATHS = "\"RickAndMortyApp/Preview Content\"";
				DEVELOPMENT_TEAM = NQG7EKNA4U;
				ENABLE_HARDENED_RUNTIME = YES;
				ENABLE_PREVIEWS = YES;
				GENERATE_INFOPLIST_FILE = YES;
				"INFOPLIST_KEY_UIApplicationSceneManifest_Generation[sdk=iphoneos*]" = YES;
				"INFOPLIST_KEY_UIApplicationSceneManifest_Generation[sdk=iphonesimulator*]" = YES;
				"INFOPLIST_KEY_UIApplicationSupportsIndirectInputEvents[sdk=iphoneos*]" = YES;
				"INFOPLIST_KEY_UIApplicationSupportsIndirectInputEvents[sdk=iphonesimulator*]" = YES;
				"INFOPLIST_KEY_UILaunchScreen_Generation[sdk=iphoneos*]" = YES;
				"INFOPLIST_KEY_UILaunchScreen_Generation[sdk=iphonesimulator*]" = YES;
				"INFOPLIST_KEY_UIStatusBarStyle[sdk=iphoneos*]" = UIStatusBarStyleDefault;
				"INFOPLIST_KEY_UIStatusBarStyle[sdk=iphonesimulator*]" = UIStatusBarStyleDefault;
				INFOPLIST_KEY_UISupportedInterfaceOrientations_iPad = "UIInterfaceOrientationPortrait UIInterfaceOrientationPortraitUpsideDown UIInterfaceOrientationLandscapeLeft UIInterfaceOrientationLandscapeRight";
				INFOPLIST_KEY_UISupportedInterfaceOrientations_iPhone = "UIInterfaceOrientationPortrait UIInterfaceOrientationLandscapeLeft UIInterfaceOrientationLandscapeRight";
				IPHONEOS_DEPLOYMENT_TARGET = 17.4;
				LD_RUNPATH_SEARCH_PATHS = "@executable_path/Frameworks";
				"LD_RUNPATH_SEARCH_PATHS[sdk=macosx*]" = "@executable_path/../Frameworks";
				MACOSX_DEPLOYMENT_TARGET = 14.2;
				MARKETING_VERSION = 1.0;
				PRODUCT_BUNDLE_IDENTIFIER = com.aorti.RickAndMortyApp;
				PRODUCT_NAME = "$(TARGET_NAME)";
				SDKROOT = auto;
				SUPPORTED_PLATFORMS = "iphoneos iphonesimulator macosx";
				SWIFT_EMIT_LOC_STRINGS = YES;
				SWIFT_VERSION = 5.0;
				TARGETED_DEVICE_FAMILY = "1,2";
			};
			name = Debug;
		};
		3859A0542BF73923006D87F4 /* Release */ = {
			isa = XCBuildConfiguration;
			buildSettings = {
				ASSETCATALOG_COMPILER_APPICON_NAME = AppIcon;
				ASSETCATALOG_COMPILER_GLOBAL_ACCENT_COLOR_NAME = AccentColor;
				CODE_SIGN_ENTITLEMENTS = RickAndMortyApp/RickAndMortyApp.entitlements;
				"CODE_SIGN_IDENTITY[sdk=macosx*]" = "-";
				CODE_SIGN_STYLE = Automatic;
				CURRENT_PROJECT_VERSION = 1;
				DEVELOPMENT_ASSET_PATHS = "\"RickAndMortyApp/Preview Content\"";
				DEVELOPMENT_TEAM = NQG7EKNA4U;
				ENABLE_HARDENED_RUNTIME = YES;
				ENABLE_PREVIEWS = YES;
				GENERATE_INFOPLIST_FILE = YES;
				"INFOPLIST_KEY_UIApplicationSceneManifest_Generation[sdk=iphoneos*]" = YES;
				"INFOPLIST_KEY_UIApplicationSceneManifest_Generation[sdk=iphonesimulator*]" = YES;
				"INFOPLIST_KEY_UIApplicationSupportsIndirectInputEvents[sdk=iphoneos*]" = YES;
				"INFOPLIST_KEY_UIApplicationSupportsIndirectInputEvents[sdk=iphonesimulator*]" = YES;
				"INFOPLIST_KEY_UILaunchScreen_Generation[sdk=iphoneos*]" = YES;
				"INFOPLIST_KEY_UILaunchScreen_Generation[sdk=iphonesimulator*]" = YES;
				"INFOPLIST_KEY_UIStatusBarStyle[sdk=iphoneos*]" = UIStatusBarStyleDefault;
				"INFOPLIST_KEY_UIStatusBarStyle[sdk=iphonesimulator*]" = UIStatusBarStyleDefault;
				INFOPLIST_KEY_UISupportedInterfaceOrientations_iPad = "UIInterfaceOrientationPortrait UIInterfaceOrientationPortraitUpsideDown UIInterfaceOrientationLandscapeLeft UIInterfaceOrientationLandscapeRight";
				INFOPLIST_KEY_UISupportedInterfaceOrientations_iPhone = "UIInterfaceOrientationPortrait UIInterfaceOrientationLandscapeLeft UIInterfaceOrientationLandscapeRight";
				IPHONEOS_DEPLOYMENT_TARGET = 17.4;
				LD_RUNPATH_SEARCH_PATHS = "@executable_path/Frameworks";
				"LD_RUNPATH_SEARCH_PATHS[sdk=macosx*]" = "@executable_path/../Frameworks";
				MACOSX_DEPLOYMENT_TARGET = 14.2;
				MARKETING_VERSION = 1.0;
				PRODUCT_BUNDLE_IDENTIFIER = com.aorti.RickAndMortyApp;
				PRODUCT_NAME = "$(TARGET_NAME)";
				SDKROOT = auto;
				SUPPORTED_PLATFORMS = "iphoneos iphonesimulator macosx";
				SWIFT_EMIT_LOC_STRINGS = YES;
				SWIFT_VERSION = 5.0;
				TARGETED_DEVICE_FAMILY = "1,2";
			};
			name = Release;
		};
		3859A0562BF73923006D87F4 /* Debug */ = {
			isa = XCBuildConfiguration;
			buildSettings = {
				ALWAYS_EMBED_SWIFT_STANDARD_LIBRARIES = YES;
				BUNDLE_LOADER = "$(TEST_HOST)";
				CODE_SIGN_STYLE = Automatic;
				CURRENT_PROJECT_VERSION = 1;
				DEVELOPMENT_TEAM = NQG7EKNA4U;
				GENERATE_INFOPLIST_FILE = YES;
				IPHONEOS_DEPLOYMENT_TARGET = 17.4;
				MACOSX_DEPLOYMENT_TARGET = 14.2;
				MARKETING_VERSION = 1.0;
				PRODUCT_BUNDLE_IDENTIFIER = com.aorti.RickAndMortyAppTests;
				PRODUCT_NAME = "$(TARGET_NAME)";
				SDKROOT = auto;
				SUPPORTED_PLATFORMS = "iphoneos iphonesimulator macosx";
				SWIFT_EMIT_LOC_STRINGS = NO;
				SWIFT_VERSION = 5.0;
				TARGETED_DEVICE_FAMILY = "1,2";
				TEST_HOST = "$(BUILT_PRODUCTS_DIR)/RickAndMortyApp.app/$(BUNDLE_EXECUTABLE_FOLDER_PATH)/RickAndMortyApp";
			};
			name = Debug;
		};
		3859A0572BF73923006D87F4 /* Release */ = {
			isa = XCBuildConfiguration;
			buildSettings = {
				ALWAYS_EMBED_SWIFT_STANDARD_LIBRARIES = YES;
				BUNDLE_LOADER = "$(TEST_HOST)";
				CODE_SIGN_STYLE = Automatic;
				CURRENT_PROJECT_VERSION = 1;
				DEVELOPMENT_TEAM = NQG7EKNA4U;
				GENERATE_INFOPLIST_FILE = YES;
				IPHONEOS_DEPLOYMENT_TARGET = 17.4;
				MACOSX_DEPLOYMENT_TARGET = 14.2;
				MARKETING_VERSION = 1.0;
				PRODUCT_BUNDLE_IDENTIFIER = com.aorti.RickAndMortyAppTests;
				PRODUCT_NAME = "$(TARGET_NAME)";
				SDKROOT = auto;
				SUPPORTED_PLATFORMS = "iphoneos iphonesimulator macosx";
				SWIFT_EMIT_LOC_STRINGS = NO;
				SWIFT_VERSION = 5.0;
				TARGETED_DEVICE_FAMILY = "1,2";
				TEST_HOST = "$(BUILT_PRODUCTS_DIR)/RickAndMortyApp.app/$(BUNDLE_EXECUTABLE_FOLDER_PATH)/RickAndMortyApp";
			};
			name = Release;
		};
		3859A0592BF73923006D87F4 /* Debug */ = {
			isa = XCBuildConfiguration;
			buildSettings = {
				ALWAYS_EMBED_SWIFT_STANDARD_LIBRARIES = YES;
				CODE_SIGN_STYLE = Automatic;
				CURRENT_PROJECT_VERSION = 1;
				DEVELOPMENT_TEAM = NQG7EKNA4U;
				GENERATE_INFOPLIST_FILE = YES;
				IPHONEOS_DEPLOYMENT_TARGET = 17.4;
				MACOSX_DEPLOYMENT_TARGET = 14.2;
				MARKETING_VERSION = 1.0;
				PRODUCT_BUNDLE_IDENTIFIER = com.aorti.RickAndMortyAppUITests;
				PRODUCT_NAME = "$(TARGET_NAME)";
				SDKROOT = auto;
				SUPPORTED_PLATFORMS = "iphoneos iphonesimulator macosx";
				SWIFT_EMIT_LOC_STRINGS = NO;
				SWIFT_VERSION = 5.0;
				TARGETED_DEVICE_FAMILY = "1,2";
				TEST_TARGET_NAME = RickAndMortyApp;
			};
			name = Debug;
		};
		3859A05A2BF73923006D87F4 /* Release */ = {
			isa = XCBuildConfiguration;
			buildSettings = {
				ALWAYS_EMBED_SWIFT_STANDARD_LIBRARIES = YES;
				CODE_SIGN_STYLE = Automatic;
				CURRENT_PROJECT_VERSION = 1;
				DEVELOPMENT_TEAM = NQG7EKNA4U;
				GENERATE_INFOPLIST_FILE = YES;
				IPHONEOS_DEPLOYMENT_TARGET = 17.4;
				MACOSX_DEPLOYMENT_TARGET = 14.2;
				MARKETING_VERSION = 1.0;
				PRODUCT_BUNDLE_IDENTIFIER = com.aorti.RickAndMortyAppUITests;
				PRODUCT_NAME = "$(TARGET_NAME)";
				SDKROOT = auto;
				SUPPORTED_PLATFORMS = "iphoneos iphonesimulator macosx";
				SWIFT_EMIT_LOC_STRINGS = NO;
				SWIFT_VERSION = 5.0;
				TARGETED_DEVICE_FAMILY = "1,2";
				TEST_TARGET_NAME = RickAndMortyApp;
			};
			name = Release;
		};
/* End XCBuildConfiguration section */

/* Begin XCConfigurationList section */
		3859A0282BF73921006D87F4 /* Build configuration list for PBXProject "RickAndMortyApp" */ = {
			isa = XCConfigurationList;
			buildConfigurations = (
				3859A0502BF73923006D87F4 /* Debug */,
				3859A0512BF73923006D87F4 /* Release */,
			);
			defaultConfigurationIsVisible = 0;
			defaultConfigurationName = Release;
		};
		3859A0522BF73923006D87F4 /* Build configuration list for PBXNativeTarget "RickAndMortyApp" */ = {
			isa = XCConfigurationList;
			buildConfigurations = (
				3859A0532BF73923006D87F4 /* Debug */,
				3859A0542BF73923006D87F4 /* Release */,
			);
			defaultConfigurationIsVisible = 0;
			defaultConfigurationName = Release;
		};
		3859A0552BF73923006D87F4 /* Build configuration list for PBXNativeTarget "RickAndMortyAppTests" */ = {
			isa = XCConfigurationList;
			buildConfigurations = (
				3859A0562BF73923006D87F4 /* Debug */,
				3859A0572BF73923006D87F4 /* Release */,
			);
			defaultConfigurationIsVisible = 0;
			defaultConfigurationName = Release;
		};
		3859A0582BF73923006D87F4 /* Build configuration list for PBXNativeTarget "RickAndMortyAppUITests" */ = {
			isa = XCConfigurationList;
			buildConfigurations = (
				3859A0592BF73923006D87F4 /* Debug */,
				3859A05A2BF73923006D87F4 /* Release */,
			);
			defaultConfigurationIsVisible = 0;
			defaultConfigurationName = Release;
		};
/* End XCConfigurationList section */

/* Begin XCRemoteSwiftPackageReference section */
		3859A0A22BF782D4006D87F4 /* XCRemoteSwiftPackageReference "SDWebImageSwiftUI" */ = {
			isa = XCRemoteSwiftPackageReference;
			repositoryURL = "https://github.com/SDWebImage/SDWebImageSwiftUI.git";
			requirement = {
				kind = upToNextMajorVersion;
				minimumVersion = 3.0.4;
			};
		};
		3859A0A52BF782EA006D87F4 /* XCRemoteSwiftPackageReference "Alamofire" */ = {
			isa = XCRemoteSwiftPackageReference;
			repositoryURL = "https://github.com/Alamofire/Alamofire.git";
			requirement = {
				kind = upToNextMajorVersion;
				minimumVersion = 5.9.1;
			};
		};
/* End XCRemoteSwiftPackageReference section */

/* Begin XCSwiftPackageProductDependency section */
		3859A0A32BF782D4006D87F4 /* SDWebImageSwiftUI */ = {
			isa = XCSwiftPackageProductDependency;
			package = 3859A0A22BF782D4006D87F4 /* XCRemoteSwiftPackageReference "SDWebImageSwiftUI" */;
			productName = SDWebImageSwiftUI;
		};
		3859A0A62BF782EA006D87F4 /* Alamofire */ = {
			isa = XCSwiftPackageProductDependency;
			package = 3859A0A52BF782EA006D87F4 /* XCRemoteSwiftPackageReference "Alamofire" */;
			productName = Alamofire;
		};
		3859A0A82BF782EA006D87F4 /* AlamofireDynamic */ = {
			isa = XCSwiftPackageProductDependency;
			package = 3859A0A52BF782EA006D87F4 /* XCRemoteSwiftPackageReference "Alamofire" */;
			productName = AlamofireDynamic;
		};
/* End XCSwiftPackageProductDependency section */
	};
	rootObject = 3859A0252BF73921006D87F4 /* Project object */;
}
